
Microsoft Visual Studio Solution File, Format Version 12.00
# Visual Studio Version 17
VisualStudioVersion = 17.11.35222.181
MinimumVisualStudioVersion = 10.0.40219.1
Project("{9A19103F-16F7-4668-BE54-9A1E7A4F7556}") = "Delegate", "Delegate.csproj", "{4150EDDF-C95C-46FC-953D-D718CB9DCB2F}"
EndProject
Project("{9A19103F-16F7-4668-BE54-9A1E7A4F7556}") = "Delegate2", "..\Delegate2\Delegate2.csproj", "{BDD14D6C-0CC9-4711-9210-0E9AEE9204E4}"
EndProject
Project("{9A19103F-16F7-4668-BE54-9A1E7A4F7556}") = "DelegateGeneric", "..\DelegateGeneric\DelegateGeneric.csproj", "{039C417C-D3D0-468D-AE2D-01D6AB95A4E9}"
EndProject
Project("{9A19103F-16F7-4668-BE54-9A1E7A4F7556}") = "DelegateUsing", "..\DelegateUseing\DelegateUsing.csproj", "{455970BC-C9F7-47FB-A2A7-4F34358E21B6}"
EndProject
Project("{9A19103F-16F7-4668-BE54-9A1E7A4F7556}") = "AnonymousMethods", "..\AnonymousMethods\AnonymousMethods.csproj", "{F0DFA3C4-9FE6-4647-9EF6-5AFDD4438AF7}"
EndProject
Project("{FAE04EC0-301F-11D3-BF4B-00C04F79EFBC}") = "LambdaDelegate", "..\LambdaDelegate\LambdaDelegate.csproj", "{A24422A4-E5FB-4E99-895F-3B057D47D1DE}"
EndProject
Global
	GlobalSection(SolutionConfigurationPlatforms) = preSolution
		Debug|Any CPU = Debug|Any CPU
		Release|Any CPU = Release|Any CPU
	EndGlobalSection
	GlobalSection(ProjectConfigurationPlatforms) = postSolution
		{4150EDDF-C95C-46FC-953D-D718CB9DCB2F}.Debug|Any CPU.ActiveCfg = Debug|Any CPU
		{4150EDDF-C95C-46FC-953D-D718CB9DCB2F}.Debug|Any CPU.Build.0 = Debug|Any CPU
		{4150EDDF-C95C-46FC-953D-D718CB9DCB2F}.Release|Any CPU.ActiveCfg = Release|Any CPU
		{4150EDDF-C95C-46FC-953D-D718CB9DCB2F}.Release|Any CPU.Build.0 = Release|Any CPU
		{BDD14D6C-0CC9-4711-9210-0E9AEE9204E4}.Debug|Any CPU.ActiveCfg = Debug|Any CPU
		{BDD14D6C-0CC9-4711-9210-0E9AEE9204E4}.Debug|Any CPU.Build.0 = Debug|Any CPU
		{BDD14D6C-0CC9-4711-9210-0E9AEE9204E4}.Release|Any CPU.ActiveCfg = Release|Any CPU
		{BDD14D6C-0CC9-4711-9210-0E9AEE9204E4}.Release|Any CPU.Build.0 = Release|Any CPU
		{039C417C-D3D0-468D-AE2D-01D6AB95A4E9}.Debug|Any CPU.ActiveCfg = Debug|Any CPU
		{039C417C-D3D0-468D-AE2D-01D6AB95A4E9}.Debug|Any CPU.Build.0 = Debug|Any CPU
		{039C417C-D3D0-468D-AE2D-01D6AB95A4E9}.Release|Any CPU.ActiveCfg = Release|Any CPU
		{039C417C-D3D0-468D-AE2D-01D6AB95A4E9}.Release|Any CPU.Build.0 = Release|Any CPU
		{455970BC-C9F7-47FB-A2A7-4F34358E21B6}.Debug|Any CPU.ActiveCfg = Debug|Any CPU
		{455970BC-C9F7-47FB-A2A7-4F34358E21B6}.Debug|Any CPU.Build.0 = Debug|Any CPU
		{455970BC-C9F7-47FB-A2A7-4F34358E21B6}.Release|Any CPU.ActiveCfg = Release|Any CPU
		{455970BC-C9F7-47FB-A2A7-4F34358E21B6}.Release|Any CPU.Build.0 = Release|Any CPU
		{F0DFA3C4-9FE6-4647-9EF6-5AFDD4438AF7}.Debug|Any CPU.ActiveCfg = Debug|Any CPU
		{F0DFA3C4-9FE6-4647-9EF6-5AFDD4438AF7}.Debug|Any CPU.Build.0 = Debug|Any CPU
		{F0DFA3C4-9FE6-4647-9EF6-5AFDD4438AF7}.Release|Any CPU.ActiveCfg = Release|Any CPU
		{F0DFA3C4-9FE6-4647-9EF6-5AFDD4438AF7}.Release|Any CPU.Build.0 = Release|Any CPU
		{A24422A4-E5FB-4E99-895F-3B057D47D1DE}.Debug|Any CPU.ActiveCfg = Debug|Any CPU
		{A24422A4-E5FB-4E99-895F-3B057D47D1DE}.Debug|Any CPU.Build.0 = Debug|Any CPU
		{A24422A4-E5FB-4E99-895F-3B057D47D1DE}.Release|Any CPU.ActiveCfg = Release|Any CPU
		{A24422A4-E5FB-4E99-895F-3B057D47D1DE}.Release|Any CPU.Build.0 = Release|Any CPU
	EndGlobalSection
	GlobalSection(SolutionProperties) = preSolution
		HideSolutionNode = FALSE
	EndGlobalSection
	GlobalSection(ExtensibilityGlobals) = postSolution
		SolutionGuid = {F08AF33D-5108-47DD-A715-CC49E29299D4}
	EndGlobalSection
EndGlobal
