
Microsoft Visual Studio Solution File, Format Version 12.00
# Visual Studio Version 17
VisualStudioVersion = 17.11.35222.181
MinimumVisualStudioVersion = 10.0.40219.1
Project("{FAE04EC0-301F-11D3-BF4B-00C04F79EFBC}") = "Training", "Training.csproj", "{592799AE-8E90-4016-9B08-7DC5AC6C0F9C}"
EndProject
Global
	GlobalSection(SolutionConfigurationPlatforms) = preSolution
		Debug|Any CPU = Debug|Any CPU
		Release|Any CPU = Release|Any CPU
	EndGlobalSection
	GlobalSection(ProjectConfigurationPlatforms) = postSolution
		{592799AE-8E90-4016-9B08-7DC5AC6C0F9C}.Debug|Any CPU.ActiveCfg = Debug|Any CPU
		{592799AE-8E90-4016-9B08-7DC5AC6C0F9C}.Debug|Any CPU.Build.0 = Debug|Any CPU
		{592799AE-8E90-4016-9B08-7DC5AC6C0F9C}.Release|Any CPU.ActiveCfg = Release|Any CPU
		{592799AE-8E90-4016-9B08-7DC5AC6C0F9C}.Release|Any CPU.Build.0 = Release|Any CPU
	EndGlobalSection
	GlobalSection(SolutionProperties) = preSolution
		HideSolutionNode = FALSE
	EndGlobalSection
	GlobalSection(ExtensibilityGlobals) = postSolution
		SolutionGuid = {D11A8AEE-592B-4032-9C1C-807D9E61B0F4}
	EndGlobalSection
EndGlobal
